// !$*UTF8*$!
{
	archiveVersion = 1;
	classes = {
	};
	objectVersion = 46;
	objects = {

/* Begin PBXBuildFile section */
		4F0190C51E20448D00CA2003 /* Downloader.swift in Sources */ = {isa = PBXBuildFile; fileRef = 4F0190C41E20448D00CA2003 /* Downloader.swift */; };
		4F0C2F661E211CCD006B41FF /* StatusMenuController.swift in Sources */ = {isa = PBXBuildFile; fileRef = 4F0C2F651E211CCD006B41FF /* StatusMenuController.swift */; };
		4F0F1ABD1E22706B00C3FECF /* ViewController.swift in Sources */ = {isa = PBXBuildFile; fileRef = 4F0F1ABC1E22706B00C3FECF /* ViewController.swift */; };
		4FA498631E212D3200E30460 /* DescribedImage.swift in Sources */ = {isa = PBXBuildFile; fileRef = 4FA498621E212D3200E30460 /* DescribedImage.swift */; };
		4FAE14241E1ECE6700110CE4 /* DesktopUpdater.swift in Sources */ = {isa = PBXBuildFile; fileRef = 4FAE14231E1ECE6600110CE4 /* DesktopUpdater.swift */; };
		4FAE14261E1EDFB100110CE4 /* YandexCollection.swift in Sources */ = {isa = PBXBuildFile; fileRef = 4FAE14251E1EDFB100110CE4 /* YandexCollection.swift */; };
		4FC398E91E1FB3410045B05C /* Extensions.swift in Sources */ = {isa = PBXBuildFile; fileRef = 4FC398E81E1FB3400045B05C /* Extensions.swift */; };
		4FD5BF8F1E1DA6150024E9B4 /* NatGeoCollection.swift in Sources */ = {isa = PBXBuildFile; fileRef = 4FD5BF8E1E1DA6150024E9B4 /* NatGeoCollection.swift */; };
		4FE193621E22B58A00AFC31A /* Saver.swift in Sources */ = {isa = PBXBuildFile; fileRef = 4FE193611E22B58A00AFC31A /* Saver.swift */; };
		4FECB0561E1D767C003FB579 /* AppDelegate.swift in Sources */ = {isa = PBXBuildFile; fileRef = 4FECB0551E1D767C003FB579 /* AppDelegate.swift */; };
		4FECB05A1E1D767C003FB579 /* Assets.xcassets in Resources */ = {isa = PBXBuildFile; fileRef = 4FECB0591E1D767C003FB579 /* Assets.xcassets */; };
		4FECB05D1E1D767C003FB579 /* Main.storyboard in Resources */ = {isa = PBXBuildFile; fileRef = 4FECB05B1E1D767C003FB579 /* Main.storyboard */; };
		4FECB0681E1D767D003FB579 /* WallpaperMasterTests.swift in Sources */ = {isa = PBXBuildFile; fileRef = 4FECB0671E1D767D003FB579 /* WallpaperMasterTests.swift */; };
		4FECB0731E1D767D003FB579 /* WallpaperMasterUITests.swift in Sources */ = {isa = PBXBuildFile; fileRef = 4FECB0721E1D767D003FB579 /* WallpaperMasterUITests.swift */; };
		4FECB0811E1D76A0003FB579 /* KotomatrixCollection.swift in Sources */ = {isa = PBXBuildFile; fileRef = 4FECB0801E1D76A0003FB579 /* KotomatrixCollection.swift */; };
		4FECB08C1E1D7760003FB579 /* Document.swift in Sources */ = {isa = PBXBuildFile; fileRef = 4FECB0831E1D7760003FB579 /* Document.swift */; };
		4FECB08D1E1D7760003FB579 /* Element.swift in Sources */ = {isa = PBXBuildFile; fileRef = 4FECB0841E1D7760003FB579 /* Element.swift */; };
		4FECB08E1E1D7760003FB579 /* Error.swift in Sources */ = {isa = PBXBuildFile; fileRef = 4FECB0851E1D7760003FB579 /* Error.swift */; };
		4FECB08F1E1D7760003FB579 /* Helpers.swift in Sources */ = {isa = PBXBuildFile; fileRef = 4FECB0871E1D7760003FB579 /* Helpers.swift */; };
		4FECB0901E1D7760003FB579 /* Info.plist in Resources */ = {isa = PBXBuildFile; fileRef = 4FECB0881E1D7760003FB579 /* Info.plist */; };
		4FECB0911E1D7760003FB579 /* Node.swift in Sources */ = {isa = PBXBuildFile; fileRef = 4FECB0891E1D7760003FB579 /* Node.swift */; };
		4FECB0921E1D7760003FB579 /* NodeSet.swift in Sources */ = {isa = PBXBuildFile; fileRef = 4FECB08A1E1D7760003FB579 /* NodeSet.swift */; };
		4FECB0931E1D7760003FB579 /* Queryable.swift in Sources */ = {isa = PBXBuildFile; fileRef = 4FECB08B1E1D7760003FB579 /* Queryable.swift */; };
		4FECB0951E1D7BA3003FB579 /* ImageGetterDelegate.swift in Sources */ = {isa = PBXBuildFile; fileRef = 4FECB0941E1D7BA3003FB579 /* ImageGetterDelegate.swift */; };
/* End PBXBuildFile section */

/* Begin PBXContainerItemProxy section */
		4FECB0641E1D767D003FB579 /* PBXContainerItemProxy */ = {
			isa = PBXContainerItemProxy;
			containerPortal = 4FECB04A1E1D767C003FB579 /* Project object */;
			proxyType = 1;
			remoteGlobalIDString = 4FECB0511E1D767C003FB579;
			remoteInfo = WallpaperMaster;
		};
		4FECB06F1E1D767D003FB579 /* PBXContainerItemProxy */ = {
			isa = PBXContainerItemProxy;
			containerPortal = 4FECB04A1E1D767C003FB579 /* Project object */;
			proxyType = 1;
			remoteGlobalIDString = 4FECB0511E1D767C003FB579;
			remoteInfo = WallpaperMaster;
		};
/* End PBXContainerItemProxy section */

/* Begin PBXFileReference section */
		4F0190C41E20448D00CA2003 /* Downloader.swift */ = {isa = PBXFileReference; fileEncoding = 4; lastKnownFileType = sourcecode.swift; path = Downloader.swift; sourceTree = "<group>"; };
		4F0C2F651E211CCD006B41FF /* StatusMenuController.swift */ = {isa = PBXFileReference; fileEncoding = 4; lastKnownFileType = sourcecode.swift; path = StatusMenuController.swift; sourceTree = "<group>"; };
		4F0F1ABC1E22706B00C3FECF /* ViewController.swift */ = {isa = PBXFileReference; fileEncoding = 4; lastKnownFileType = sourcecode.swift; path = ViewController.swift; sourceTree = "<group>"; };
		4FA498621E212D3200E30460 /* DescribedImage.swift */ = {isa = PBXFileReference; fileEncoding = 4; lastKnownFileType = sourcecode.swift; path = DescribedImage.swift; sourceTree = "<group>"; };
		4FAE14231E1ECE6600110CE4 /* DesktopUpdater.swift */ = {isa = PBXFileReference; fileEncoding = 4; lastKnownFileType = sourcecode.swift; path = DesktopUpdater.swift; sourceTree = "<group>"; };
		4FAE14251E1EDFB100110CE4 /* YandexCollection.swift */ = {isa = PBXFileReference; fileEncoding = 4; lastKnownFileType = sourcecode.swift; path = YandexCollection.swift; sourceTree = "<group>"; };
		4FC398E81E1FB3400045B05C /* Extensions.swift */ = {isa = PBXFileReference; fileEncoding = 4; lastKnownFileType = sourcecode.swift; path = Extensions.swift; sourceTree = "<group>"; };
		4FD5BF8E1E1DA6150024E9B4 /* NatGeoCollection.swift */ = {isa = PBXFileReference; fileEncoding = 4; lastKnownFileType = sourcecode.swift; path = NatGeoCollection.swift; sourceTree = "<group>"; };
		4FE193611E22B58A00AFC31A /* Saver.swift */ = {isa = PBXFileReference; fileEncoding = 4; lastKnownFileType = sourcecode.swift; path = Saver.swift; sourceTree = "<group>"; };
		4FECB0521E1D767C003FB579 /* WallpaperMaster.app */ = {isa = PBXFileReference; explicitFileType = wrapper.application; includeInIndex = 0; path = WallpaperMaster.app; sourceTree = BUILT_PRODUCTS_DIR; };
		4FECB0551E1D767C003FB579 /* AppDelegate.swift */ = {isa = PBXFileReference; lastKnownFileType = sourcecode.swift; path = AppDelegate.swift; sourceTree = "<group>"; };
		4FECB0591E1D767C003FB579 /* Assets.xcassets */ = {isa = PBXFileReference; lastKnownFileType = folder.assetcatalog; path = Assets.xcassets; sourceTree = "<group>"; };
		4FECB05C1E1D767C003FB579 /* Base */ = {isa = PBXFileReference; lastKnownFileType = file.storyboard; name = Base; path = Base.lproj/Main.storyboard; sourceTree = "<group>"; };
		4FECB05E1E1D767C003FB579 /* Info.plist */ = {isa = PBXFileReference; lastKnownFileType = text.plist.xml; path = Info.plist; sourceTree = "<group>"; };
		4FECB0631E1D767D003FB579 /* WallpaperMasterTests.xctest */ = {isa = PBXFileReference; explicitFileType = wrapper.cfbundle; includeInIndex = 0; path = WallpaperMasterTests.xctest; sourceTree = BUILT_PRODUCTS_DIR; };
		4FECB0671E1D767D003FB579 /* WallpaperMasterTests.swift */ = {isa = PBXFileReference; lastKnownFileType = sourcecode.swift; path = WallpaperMasterTests.swift; sourceTree = "<group>"; };
		4FECB0691E1D767D003FB579 /* Info.plist */ = {isa = PBXFileReference; lastKnownFileType = text.plist.xml; path = Info.plist; sourceTree = "<group>"; };
		4FECB06E1E1D767D003FB579 /* WallpaperMasterUITests.xctest */ = {isa = PBXFileReference; explicitFileType = wrapper.cfbundle; includeInIndex = 0; path = WallpaperMasterUITests.xctest; sourceTree = BUILT_PRODUCTS_DIR; };
		4FECB0721E1D767D003FB579 /* WallpaperMasterUITests.swift */ = {isa = PBXFileReference; lastKnownFileType = sourcecode.swift; path = WallpaperMasterUITests.swift; sourceTree = "<group>"; };
		4FECB0741E1D767D003FB579 /* Info.plist */ = {isa = PBXFileReference; lastKnownFileType = text.plist.xml; path = Info.plist; sourceTree = "<group>"; };
		4FECB0801E1D76A0003FB579 /* KotomatrixCollection.swift */ = {isa = PBXFileReference; fileEncoding = 4; lastKnownFileType = sourcecode.swift; path = KotomatrixCollection.swift; sourceTree = "<group>"; };
		4FECB0831E1D7760003FB579 /* Document.swift */ = {isa = PBXFileReference; fileEncoding = 4; lastKnownFileType = sourcecode.swift; path = Document.swift; sourceTree = "<group>"; };
		4FECB0841E1D7760003FB579 /* Element.swift */ = {isa = PBXFileReference; fileEncoding = 4; lastKnownFileType = sourcecode.swift; path = Element.swift; sourceTree = "<group>"; };
		4FECB0851E1D7760003FB579 /* Error.swift */ = {isa = PBXFileReference; fileEncoding = 4; lastKnownFileType = sourcecode.swift; path = Error.swift; sourceTree = "<group>"; };
		4FECB0861E1D7760003FB579 /* Fuzi.h */ = {isa = PBXFileReference; fileEncoding = 4; lastKnownFileType = sourcecode.c.h; path = Fuzi.h; sourceTree = "<group>"; };
		4FECB0871E1D7760003FB579 /* Helpers.swift */ = {isa = PBXFileReference; fileEncoding = 4; lastKnownFileType = sourcecode.swift; path = Helpers.swift; sourceTree = "<group>"; };
		4FECB0881E1D7760003FB579 /* Info.plist */ = {isa = PBXFileReference; fileEncoding = 4; lastKnownFileType = text.plist.xml; path = Info.plist; sourceTree = "<group>"; };
		4FECB0891E1D7760003FB579 /* Node.swift */ = {isa = PBXFileReference; fileEncoding = 4; lastKnownFileType = sourcecode.swift; path = Node.swift; sourceTree = "<group>"; };
		4FECB08A1E1D7760003FB579 /* NodeSet.swift */ = {isa = PBXFileReference; fileEncoding = 4; lastKnownFileType = sourcecode.swift; path = NodeSet.swift; sourceTree = "<group>"; };
		4FECB08B1E1D7760003FB579 /* Queryable.swift */ = {isa = PBXFileReference; fileEncoding = 4; lastKnownFileType = sourcecode.swift; path = Queryable.swift; sourceTree = "<group>"; };
		4FECB0941E1D7BA3003FB579 /* ImageGetterDelegate.swift */ = {isa = PBXFileReference; fileEncoding = 4; lastKnownFileType = sourcecode.swift; path = ImageGetterDelegate.swift; sourceTree = "<group>"; };
/* End PBXFileReference section */

/* Begin PBXFrameworksBuildPhase section */
		4FECB04F1E1D767C003FB579 /* Frameworks */ = {
			isa = PBXFrameworksBuildPhase;
			buildActionMask = 2147483647;
			files = (
			);
			runOnlyForDeploymentPostprocessing = 0;
		};
		4FECB0601E1D767D003FB579 /* Frameworks */ = {
			isa = PBXFrameworksBuildPhase;
			buildActionMask = 2147483647;
			files = (
			);
			runOnlyForDeploymentPostprocessing = 0;
		};
		4FECB06B1E1D767D003FB579 /* Frameworks */ = {
			isa = PBXFrameworksBuildPhase;
			buildActionMask = 2147483647;
			files = (
			);
			runOnlyForDeploymentPostprocessing = 0;
		};
/* End PBXFrameworksBuildPhase section */

/* Begin PBXGroup section */
		4FA498641E21317E00E30460 /* Frameworks */ = {
			isa = PBXGroup;
			children = (
			);
			name = Frameworks;
			sourceTree = "<group>";
		};
		4FAE14221E1ECCFA00110CE4 /* Image getters */ = {
			isa = PBXGroup;
			children = (
				4FD5BF8E1E1DA6150024E9B4 /* NatGeoCollection.swift */,
				4FAE14251E1EDFB100110CE4 /* YandexCollection.swift */,
				4FECB0801E1D76A0003FB579 /* KotomatrixCollection.swift */,
				4FC398E81E1FB3400045B05C /* Extensions.swift */,
				4F0190C41E20448D00CA2003 /* Downloader.swift */,
				4FA498621E212D3200E30460 /* DescribedImage.swift */,
				4FECB0941E1D7BA3003FB579 /* ImageGetterDelegate.swift */,
			);
			name = "Image getters";
			sourceTree = "<group>";
		};
		4FECB0491E1D767C003FB579 = {
			isa = PBXGroup;
			children = (
				4FECB0821E1D7760003FB579 /* Fuzi */,
				4FECB0541E1D767C003FB579 /* WallpaperMaster */,
				4FECB0661E1D767D003FB579 /* WallpaperMasterTests */,
				4FECB0711E1D767D003FB579 /* WallpaperMasterUITests */,
				4FECB0531E1D767C003FB579 /* Products */,
				4FA498641E21317E00E30460 /* Frameworks */,
			);
			sourceTree = "<group>";
		};
		4FECB0531E1D767C003FB579 /* Products */ = {
			isa = PBXGroup;
			children = (
				4FECB0521E1D767C003FB579 /* WallpaperMaster.app */,
				4FECB0631E1D767D003FB579 /* WallpaperMasterTests.xctest */,
				4FECB06E1E1D767D003FB579 /* WallpaperMasterUITests.xctest */,
			);
			name = Products;
			sourceTree = "<group>";
		};
		4FECB0541E1D767C003FB579 /* WallpaperMaster */ = {
			isa = PBXGroup;
			children = (
				4FAE14221E1ECCFA00110CE4 /* Image getters */,
				4FECB0551E1D767C003FB579 /* AppDelegate.swift */,
				4F0C2F651E211CCD006B41FF /* StatusMenuController.swift */,
				4FAE14231E1ECE6600110CE4 /* DesktopUpdater.swift */,
				4FE193611E22B58A00AFC31A /* Saver.swift */,
				4FECB0591E1D767C003FB579 /* Assets.xcassets */,
				4FECB05B1E1D767C003FB579 /* Main.storyboard */,
				4F0F1ABC1E22706B00C3FECF /* ViewController.swift */,
				4FECB05E1E1D767C003FB579 /* Info.plist */,
			);
			path = WallpaperMaster;
			sourceTree = "<group>";
		};
		4FECB0661E1D767D003FB579 /* WallpaperMasterTests */ = {
			isa = PBXGroup;
			children = (
				4FECB0671E1D767D003FB579 /* WallpaperMasterTests.swift */,
				4FECB0691E1D767D003FB579 /* Info.plist */,
			);
			path = WallpaperMasterTests;
			sourceTree = "<group>";
		};
		4FECB0711E1D767D003FB579 /* WallpaperMasterUITests */ = {
			isa = PBXGroup;
			children = (
				4FECB0721E1D767D003FB579 /* WallpaperMasterUITests.swift */,
				4FECB0741E1D767D003FB579 /* Info.plist */,
			);
			path = WallpaperMasterUITests;
			sourceTree = "<group>";
		};
		4FECB0821E1D7760003FB579 /* Fuzi */ = {
			isa = PBXGroup;
			children = (
				4FECB0831E1D7760003FB579 /* Document.swift */,
				4FECB0841E1D7760003FB579 /* Element.swift */,
				4FECB0851E1D7760003FB579 /* Error.swift */,
				4FECB0861E1D7760003FB579 /* Fuzi.h */,
				4FECB0871E1D7760003FB579 /* Helpers.swift */,
				4FECB0881E1D7760003FB579 /* Info.plist */,
				4FECB0891E1D7760003FB579 /* Node.swift */,
				4FECB08A1E1D7760003FB579 /* NodeSet.swift */,
				4FECB08B1E1D7760003FB579 /* Queryable.swift */,
			);
			name = Fuzi;
			path = WallpaperMaster/Fuzi;
			sourceTree = "<group>";
		};
/* End PBXGroup section */

/* Begin PBXNativeTarget section */
		4FECB0511E1D767C003FB579 /* WallpaperMaster */ = {
			isa = PBXNativeTarget;
			buildConfigurationList = 4FECB0771E1D767D003FB579 /* Build configuration list for PBXNativeTarget "WallpaperMaster" */;
			buildPhases = (
				4FECB04E1E1D767C003FB579 /* Sources */,
				4FECB04F1E1D767C003FB579 /* Frameworks */,
				4FECB0501E1D767C003FB579 /* Resources */,
			);
			buildRules = (
			);
			dependencies = (
			);
			name = WallpaperMaster;
			productName = WallpaperMaster;
			productReference = 4FECB0521E1D767C003FB579 /* WallpaperMaster.app */;
			productType = "com.apple.product-type.application";
		};
		4FECB0621E1D767D003FB579 /* WallpaperMasterTests */ = {
			isa = PBXNativeTarget;
			buildConfigurationList = 4FECB07A1E1D767D003FB579 /* Build configuration list for PBXNativeTarget "WallpaperMasterTests" */;
			buildPhases = (
				4FECB05F1E1D767D003FB579 /* Sources */,
				4FECB0601E1D767D003FB579 /* Frameworks */,
				4FECB0611E1D767D003FB579 /* Resources */,
			);
			buildRules = (
			);
			dependencies = (
				4FECB0651E1D767D003FB579 /* PBXTargetDependency */,
			);
			name = WallpaperMasterTests;
			productName = WallpaperMasterTests;
			productReference = 4FECB0631E1D767D003FB579 /* WallpaperMasterTests.xctest */;
			productType = "com.apple.product-type.bundle.unit-test";
		};
		4FECB06D1E1D767D003FB579 /* WallpaperMasterUITests */ = {
			isa = PBXNativeTarget;
			buildConfigurationList = 4FECB07D1E1D767D003FB579 /* Build configuration list for PBXNativeTarget "WallpaperMasterUITests" */;
			buildPhases = (
				4FECB06A1E1D767D003FB579 /* Sources */,
				4FECB06B1E1D767D003FB579 /* Frameworks */,
				4FECB06C1E1D767D003FB579 /* Resources */,
			);
			buildRules = (
			);
			dependencies = (
				4FECB0701E1D767D003FB579 /* PBXTargetDependency */,
			);
			name = WallpaperMasterUITests;
			productName = WallpaperMasterUITests;
			productReference = 4FECB06E1E1D767D003FB579 /* WallpaperMasterUITests.xctest */;
			productType = "com.apple.product-type.bundle.ui-testing";
		};
/* End PBXNativeTarget section */

/* Begin PBXProject section */
		4FECB04A1E1D767C003FB579 /* Project object */ = {
			isa = PBXProject;
			attributes = {
				LastSwiftUpdateCheck = 0800;
				LastUpgradeCheck = 0800;
				ORGANIZATIONNAME = "Ivan Chistyakov";
				TargetAttributes = {
					4FECB0511E1D767C003FB579 = {
						CreatedOnToolsVersion = 8.0;
						DevelopmentTeam = B5K2GNSUC9;
						ProvisioningStyle = Automatic;
					};
					4FECB0621E1D767D003FB579 = {
						CreatedOnToolsVersion = 8.0;
						DevelopmentTeam = B5K2GNSUC9;
						ProvisioningStyle = Automatic;
						TestTargetID = 4FECB0511E1D767C003FB579;
					};
					4FECB06D1E1D767D003FB579 = {
						CreatedOnToolsVersion = 8.0;
						DevelopmentTeam = B5K2GNSUC9;
						ProvisioningStyle = Automatic;
						TestTargetID = 4FECB0511E1D767C003FB579;
					};
				};
			};
			buildConfigurationList = 4FECB04D1E1D767C003FB579 /* Build configuration list for PBXProject "WallpaperMaster" */;
			compatibilityVersion = "Xcode 3.2";
			developmentRegion = English;
			hasScannedForEncodings = 0;
			knownRegions = (
				en,
				Base,
			);
			mainGroup = 4FECB0491E1D767C003FB579;
			productRefGroup = 4FECB0531E1D767C003FB579 /* Products */;
			projectDirPath = "";
			projectRoot = "";
			targets = (
				4FECB0511E1D767C003FB579 /* WallpaperMaster */,
				4FECB0621E1D767D003FB579 /* WallpaperMasterTests */,
				4FECB06D1E1D767D003FB579 /* WallpaperMasterUITests */,
			);
		};
/* End PBXProject section */

/* Begin PBXResourcesBuildPhase section */
		4FECB0501E1D767C003FB579 /* Resources */ = {
			isa = PBXResourcesBuildPhase;
			buildActionMask = 2147483647;
			files = (
				4FECB05A1E1D767C003FB579 /* Assets.xcassets in Resources */,
				4FECB05D1E1D767C003FB579 /* Main.storyboard in Resources */,
				4FECB0901E1D7760003FB579 /* Info.plist in Resources */,
			);
			runOnlyForDeploymentPostprocessing = 0;
		};
		4FECB0611E1D767D003FB579 /* Resources */ = {
			isa = PBXResourcesBuildPhase;
			buildActionMask = 2147483647;
			files = (
			);
			runOnlyForDeploymentPostprocessing = 0;
		};
		4FECB06C1E1D767D003FB579 /* Resources */ = {
			isa = PBXResourcesBuildPhase;
			buildActionMask = 2147483647;
			files = (
			);
			runOnlyForDeploymentPostprocessing = 0;
		};
/* End PBXResourcesBuildPhase section */

/* Begin PBXSourcesBuildPhase section */
		4FECB04E1E1D767C003FB579 /* Sources */ = {
			isa = PBXSourcesBuildPhase;
			buildActionMask = 2147483647;
			files = (
				4FECB0931E1D7760003FB579 /* Queryable.swift in Sources */,
				4FAE14241E1ECE6700110CE4 /* DesktopUpdater.swift in Sources */,
				4FECB08C1E1D7760003FB579 /* Document.swift in Sources */,
				4FA498631E212D3200E30460 /* DescribedImage.swift in Sources */,
				4FD5BF8F1E1DA6150024E9B4 /* NatGeoCollection.swift in Sources */,
				4FECB08F1E1D7760003FB579 /* Helpers.swift in Sources */,
				4FE193621E22B58A00AFC31A /* Saver.swift in Sources */,
				4FECB0921E1D7760003FB579 /* NodeSet.swift in Sources */,
				4F0C2F661E211CCD006B41FF /* StatusMenuController.swift in Sources */,
				4FECB0911E1D7760003FB579 /* Node.swift in Sources */,
				4FECB0811E1D76A0003FB579 /* KotomatrixCollection.swift in Sources */,
				4FECB0951E1D7BA3003FB579 /* ImageGetterDelegate.swift in Sources */,
				4F0190C51E20448D00CA2003 /* Downloader.swift in Sources */,
				4F0F1ABD1E22706B00C3FECF /* ViewController.swift in Sources */,
				4FC398E91E1FB3410045B05C /* Extensions.swift in Sources */,
				4FAE14261E1EDFB100110CE4 /* YandexCollection.swift in Sources */,
				4FECB0561E1D767C003FB579 /* AppDelegate.swift in Sources */,
				4FECB08E1E1D7760003FB579 /* Error.swift in Sources */,
				4FECB08D1E1D7760003FB579 /* Element.swift in Sources */,
			);
			runOnlyForDeploymentPostprocessing = 0;
		};
		4FECB05F1E1D767D003FB579 /* Sources */ = {
			isa = PBXSourcesBuildPhase;
			buildActionMask = 2147483647;
			files = (
				4FECB0681E1D767D003FB579 /* WallpaperMasterTests.swift in Sources */,
			);
			runOnlyForDeploymentPostprocessing = 0;
		};
		4FECB06A1E1D767D003FB579 /* Sources */ = {
			isa = PBXSourcesBuildPhase;
			buildActionMask = 2147483647;
			files = (
				4FECB0731E1D767D003FB579 /* WallpaperMasterUITests.swift in Sources */,
			);
			runOnlyForDeploymentPostprocessing = 0;
		};
/* End PBXSourcesBuildPhase section */

/* Begin PBXTargetDependency section */
		4FECB0651E1D767D003FB579 /* PBXTargetDependency */ = {
			isa = PBXTargetDependency;
			target = 4FECB0511E1D767C003FB579 /* WallpaperMaster */;
			targetProxy = 4FECB0641E1D767D003FB579 /* PBXContainerItemProxy */;
		};
		4FECB0701E1D767D003FB579 /* PBXTargetDependency */ = {
			isa = PBXTargetDependency;
			target = 4FECB0511E1D767C003FB579 /* WallpaperMaster */;
			targetProxy = 4FECB06F1E1D767D003FB579 /* PBXContainerItemProxy */;
		};
/* End PBXTargetDependency section */

/* Begin PBXVariantGroup section */
		4FECB05B1E1D767C003FB579 /* Main.storyboard */ = {
			isa = PBXVariantGroup;
			children = (
				4FECB05C1E1D767C003FB579 /* Base */,
			);
			name = Main.storyboard;
			sourceTree = "<group>";
		};
/* End PBXVariantGroup section */

/* Begin XCBuildConfiguration section */
		4FECB0751E1D767D003FB579 /* Debug */ = {
			isa = XCBuildConfiguration;
			buildSettings = {
				ALWAYS_SEARCH_USER_PATHS = NO;
				CLANG_ANALYZER_NONNULL = YES;
				CLANG_CXX_LANGUAGE_STANDARD = "gnu++0x";
				CLANG_CXX_LIBRARY = "libc++";
				CLANG_ENABLE_MODULES = YES;
				CLANG_ENABLE_OBJC_ARC = YES;
				CLANG_WARN_BOOL_CONVERSION = YES;
				CLANG_WARN_CONSTANT_CONVERSION = YES;
				CLANG_WARN_DIRECT_OBJC_ISA_USAGE = YES_ERROR;
				CLANG_WARN_DOCUMENTATION_COMMENTS = YES;
				CLANG_WARN_EMPTY_BODY = YES;
				CLANG_WARN_ENUM_CONVERSION = YES;
				CLANG_WARN_INFINITE_RECURSION = YES;
				CLANG_WARN_INT_CONVERSION = YES;
				CLANG_WARN_OBJC_ROOT_CLASS = YES_ERROR;
				CLANG_WARN_SUSPICIOUS_MOVES = YES;
				CLANG_WARN_UNREACHABLE_CODE = YES;
				CLANG_WARN__DUPLICATE_METHOD_MATCH = YES;
				CODE_SIGN_IDENTITY = "-";
				COPY_PHASE_STRIP = NO;
				DEBUG_INFORMATION_FORMAT = dwarf;
				ENABLE_STRICT_OBJC_MSGSEND = YES;
				ENABLE_TESTABILITY = YES;
				GCC_C_LANGUAGE_STANDARD = gnu99;
				GCC_DYNAMIC_NO_PIC = NO;
				GCC_NO_COMMON_BLOCKS = YES;
				GCC_OPTIMIZATION_LEVEL = 0;
				GCC_PREPROCESSOR_DEFINITIONS = (
					"DEBUG=1",
					"$(inherited)",
				);
				GCC_WARN_64_TO_32_BIT_CONVERSION = YES;
				GCC_WARN_ABOUT_RETURN_TYPE = YES_ERROR;
				GCC_WARN_UNDECLARED_SELECTOR = YES;
				GCC_WARN_UNINITIALIZED_AUTOS = YES_AGGRESSIVE;
				GCC_WARN_UNUSED_FUNCTION = YES;
				GCC_WARN_UNUSED_VARIABLE = YES;
				MACOSX_DEPLOYMENT_TARGET = 10.10;
				MTL_ENABLE_DEBUG_INFO = YES;
				ONLY_ACTIVE_ARCH = YES;
				SDKROOT = macosx;
				SWIFT_ACTIVE_COMPILATION_CONDITIONS = DEBUG;
				SWIFT_OPTIMIZATION_LEVEL = "-Onone";
			};
			name = Debug;
		};
		4FECB0761E1D767D003FB579 /* Release */ = {
			isa = XCBuildConfiguration;
			buildSettings = {
				ALWAYS_SEARCH_USER_PATHS = NO;
				CLANG_ANALYZER_NONNULL = YES;
				CLANG_CXX_LANGUAGE_STANDARD = "gnu++0x";
				CLANG_CXX_LIBRARY = "libc++";
				CLANG_ENABLE_MODULES = YES;
				CLANG_ENABLE_OBJC_ARC = YES;
				CLANG_WARN_BOOL_CONVERSION = YES;
				CLANG_WARN_CONSTANT_CONVERSION = YES;
				CLANG_WARN_DIRECT_OBJC_ISA_USAGE = YES_ERROR;
				CLANG_WARN_DOCUMENTATION_COMMENTS = YES;
				CLANG_WARN_EMPTY_BODY = YES;
				CLANG_WARN_ENUM_CONVERSION = YES;
				CLANG_WARN_INFINITE_RECURSION = YES;
				CLANG_WARN_INT_CONVERSION = YES;
				CLANG_WARN_OBJC_ROOT_CLASS = YES_ERROR;
				CLANG_WARN_SUSPICIOUS_MOVES = YES;
				CLANG_WARN_UNREACHABLE_CODE = YES;
				CLANG_WARN__DUPLICATE_METHOD_MATCH = YES;
				CODE_SIGN_IDENTITY = "-";
				COPY_PHASE_STRIP = NO;
				DEBUG_INFORMATION_FORMAT = "dwarf-with-dsym";
				ENABLE_NS_ASSERTIONS = NO;
				ENABLE_STRICT_OBJC_MSGSEND = YES;
				GCC_C_LANGUAGE_STANDARD = gnu99;
				GCC_NO_COMMON_BLOCKS = YES;
				GCC_WARN_64_TO_32_BIT_CONVERSION = YES;
				GCC_WARN_ABOUT_RETURN_TYPE = YES_ERROR;
				GCC_WARN_UNDECLARED_SELECTOR = YES;
				GCC_WARN_UNINITIALIZED_AUTOS = YES_AGGRESSIVE;
				GCC_WARN_UNUSED_FUNCTION = YES;
				GCC_WARN_UNUSED_VARIABLE = YES;
				MACOSX_DEPLOYMENT_TARGET = 10.10;
				MTL_ENABLE_DEBUG_INFO = NO;
				SDKROOT = macosx;
				SWIFT_OPTIMIZATION_LEVEL = "-Owholemodule";
			};
			name = Release;
		};
		4FECB0781E1D767D003FB579 /* Debug */ = {
			isa = XCBuildConfiguration;
			buildSettings = {
				ASSETCATALOG_COMPILER_APPICON_NAME = AppIcon;
				COMBINE_HIDPI_IMAGES = YES;
				DEVELOPMENT_TEAM = B5K2GNSUC9;
				HEADER_SEARCH_PATHS = "$(SDKROOT)/usr/include/libxml2";
				INFOPLIST_FILE = WallpaperMaster/Info.plist;
				LD_RUNPATH_SEARCH_PATHS = "$(inherited) @executable_path/../Frameworks";
				LIBRARY_SEARCH_PATHS = (
					"$(inherited)",
					"$(SDKROOT)/usr/lib/system",
				);
				OTHER_LDFLAGS = "-lxml2";
				PRODUCT_BUNDLE_IDENTIFIER = "Ivan-Chistyakov.WallpaperMaster";
				PRODUCT_NAME = "$(TARGET_NAME)";
				SWIFT_INCLUDE_PATHS = WallpaperMaster/libxml2;
				SWIFT_VERSION = 3.0;
			};
			name = Debug;
		};
		4FECB0791E1D767D003FB579 /* Release */ = {
			isa = XCBuildConfiguration;
			buildSettings = {
				ASSETCATALOG_COMPILER_APPICON_NAME = AppIcon;
				COMBINE_HIDPI_IMAGES = YES;
				DEVELOPMENT_TEAM = B5K2GNSUC9;
				HEADER_SEARCH_PATHS = "$(SDKROOT)/usr/include/libxml2";
				INFOPLIST_FILE = WallpaperMaster/Info.plist;
				LD_RUNPATH_SEARCH_PATHS = "$(inherited) @executable_path/../Frameworks";
				LIBRARY_SEARCH_PATHS = (
					"$(inherited)",
					"$(SDKROOT)/usr/lib/system",
				);
				OTHER_LDFLAGS = "-lxml2";
				PRODUCT_BUNDLE_IDENTIFIER = "Ivan-Chistyakov.WallpaperMaster";
				PRODUCT_NAME = "$(TARGET_NAME)";
				SWIFT_INCLUDE_PATHS = WallpaperMaster/libxml2;
				SWIFT_VERSION = 3.0;
			};
			name = Release;
		};
		4FECB07B1E1D767D003FB579 /* Debug */ = {
			isa = XCBuildConfiguration;
			buildSettings = {
				ALWAYS_EMBED_SWIFT_STANDARD_LIBRARIES = YES;
				BUNDLE_LOADER = "$(TEST_HOST)";
				COMBINE_HIDPI_IMAGES = YES;
				DEVELOPMENT_TEAM = B5K2GNSUC9;
				INFOPLIST_FILE = WallpaperMasterTests/Info.plist;
				LD_RUNPATH_SEARCH_PATHS = "$(inherited) @executable_path/../Frameworks @loader_path/../Frameworks";
				PRODUCT_BUNDLE_IDENTIFIER = "Ivan-Chistyakov.WallpaperMasterTests";
				PRODUCT_NAME = "$(TARGET_NAME)";
				SWIFT_VERSION = 3.0;
				TEST_HOST = "$(BUILT_PRODUCTS_DIR)/WallpaperMaster.app/Contents/MacOS/WallpaperMaster";
			};
			name = Debug;
		};
		4FECB07C1E1D767D003FB579 /* Release */ = {
			isa = XCBuildConfiguration;
			buildSettings = {
				ALWAYS_EMBED_SWIFT_STANDARD_LIBRARIES = YES;
				BUNDLE_LOADER = "$(TEST_HOST)";
				COMBINE_HIDPI_IMAGES = YES;
				DEVELOPMENT_TEAM = B5K2GNSUC9;
				INFOPLIST_FILE = WallpaperMasterTests/Info.plist;
				LD_RUNPATH_SEARCH_PATHS = "$(inherited) @executable_path/../Frameworks @loader_path/../Frameworks";
				PRODUCT_BUNDLE_IDENTIFIER = "Ivan-Chistyakov.WallpaperMasterTests";
				PRODUCT_NAME = "$(TARGET_NAME)";
				SWIFT_VERSION = 3.0;
				TEST_HOST = "$(BUILT_PRODUCTS_DIR)/WallpaperMaster.app/Contents/MacOS/WallpaperMaster";
			};
			name = Release;
		};
		4FECB07E1E1D767D003FB579 /* Debug */ = {
			isa = XCBuildConfiguration;
			buildSettings = {
				ALWAYS_EMBED_SWIFT_STANDARD_LIBRARIES = YES;
				COMBINE_HIDPI_IMAGES = YES;
				DEVELOPMENT_TEAM = B5K2GNSUC9;
				INFOPLIST_FILE = WallpaperMasterUITests/Info.plist;
				LD_RUNPATH_SEARCH_PATHS = "$(inherited) @executable_path/../Frameworks @loader_path/../Frameworks";
				PRODUCT_BUNDLE_IDENTIFIER = "Ivan-Chistyakov.WallpaperMasterUITests";
				PRODUCT_NAME = "$(TARGET_NAME)";
				SWIFT_VERSION = 3.0;
				TEST_TARGET_NAME = WallpaperMaster;
			};
			name = Debug;
		};
		4FECB07F1E1D767D003FB579 /* Release */ = {
			isa = XCBuildConfiguration;
			buildSettings = {
				ALWAYS_EMBED_SWIFT_STANDARD_LIBRARIES = YES;
				COMBINE_HIDPI_IMAGES = YES;
				DEVELOPMENT_TEAM = B5K2GNSUC9;
				INFOPLIST_FILE = WallpaperMasterUITests/Info.plist;
				LD_RUNPATH_SEARCH_PATHS = "$(inherited) @executable_path/../Frameworks @loader_path/../Frameworks";
				PRODUCT_BUNDLE_IDENTIFIER = "Ivan-Chistyakov.WallpaperMasterUITests";
				PRODUCT_NAME = "$(TARGET_NAME)";
				SWIFT_VERSION = 3.0;
				TEST_TARGET_NAME = WallpaperMaster;
			};
			name = Release;
		};
/* End XCBuildConfiguration section */

/* Begin XCConfigurationList section */
		4FECB04D1E1D767C003FB579 /* Build configuration list for PBXProject "WallpaperMaster" */ = {
			isa = XCConfigurationList;
			buildConfigurations = (
				4FECB0751E1D767D003FB579 /* Debug */,
				4FECB0761E1D767D003FB579 /* Release */,
			);
			defaultConfigurationIsVisible = 0;
			defaultConfigurationName = Release;
		};
		4FECB0771E1D767D003FB579 /* Build configuration list for PBXNativeTarget "WallpaperMaster" */ = {
			isa = XCConfigurationList;
			buildConfigurations = (
				4FECB0781E1D767D003FB579 /* Debug */,
				4FECB0791E1D767D003FB579 /* Release */,
			);
			defaultConfigurationIsVisible = 0;
			defaultConfigurationName = Release;
		};
		4FECB07A1E1D767D003FB579 /* Build configuration list for PBXNativeTarget "WallpaperMasterTests" */ = {
			isa = XCConfigurationList;
			buildConfigurations = (
				4FECB07B1E1D767D003FB579 /* Debug */,
				4FECB07C1E1D767D003FB579 /* Release */,
			);
			defaultConfigurationIsVisible = 0;
			defaultConfigurationName = Release;
		};
		4FECB07D1E1D767D003FB579 /* Build configuration list for PBXNativeTarget "WallpaperMasterUITests" */ = {
			isa = XCConfigurationList;
			buildConfigurations = (
				4FECB07E1E1D767D003FB579 /* Debug */,
				4FECB07F1E1D767D003FB579 /* Release */,
			);
			defaultConfigurationIsVisible = 0;
			defaultConfigurationName = Release;
		};
/* End XCConfigurationList section */
	};
	rootObject = 4FECB04A1E1D767C003FB579 /* Project object */;
}
